// !$*UTF8*$!
{
	archiveVersion = 1;
	classes = {
	};
	objectVersion = 55;
	objects = {

/* Begin PBXBuildFile section */
		58752F25288A761700AFE5CB /* DynamicArray.swift in Sources */ = {isa = PBXBuildFile; fileRef = 58752F24288A761700AFE5CB /* DynamicArray.swift */; };
		58C7021E28884D02007DFAE9 /* main.swift in Sources */ = {isa = PBXBuildFile; fileRef = 58C7021D28884D02007DFAE9 /* main.swift */; };
		58C70230288A48C8007DFAE9 /* FibSeq.swift in Sources */ = {isa = PBXBuildFile; fileRef = 58C7022F288A48C7007DFAE9 /* FibSeq.swift */; };
		58C70231288A48C8007DFAE9 /* FibSeq.swift in Sources */ = {isa = PBXBuildFile; fileRef = 58C7022F288A48C7007DFAE9 /* FibSeq.swift */; };
		58C70233288A4B6B007DFAE9 /* FibSeqTest.swift in Sources */ = {isa = PBXBuildFile; fileRef = 58C70232288A4B6B007DFAE9 /* FibSeqTest.swift */; };
		58C92E2C2896D280008ECA4D /* 二分查找.swift in Sources */ = {isa = PBXBuildFile; fileRef = 58C92E2B2896D280008ECA4D /* 二分查找.swift */; };
		58C92E2E289780BC008ECA4D /* 第一个错误版本.swift in Sources */ = {isa = PBXBuildFile; fileRef = 58C92E2D289780BC008ECA4D /* 第一个错误版本.swift */; };
		58C92E302897A191008ECA4D /* 搜索插入的位置.swift in Sources */ = {isa = PBXBuildFile; fileRef = 58C92E2F2897A191008ECA4D /* 搜索插入的位置.swift */; };
/* End PBXBuildFile section */

/* Begin PBXCopyFilesBuildPhase section */
		58C7021828884D02007DFAE9 /* CopyFiles */ = {
			isa = PBXCopyFilesBuildPhase;
			buildActionMask = 2147483647;
			dstPath = /usr/share/man/man1/;
			dstSubfolderSpec = 0;
			files = (
			);
			runOnlyForDeploymentPostprocessing = 1;
		};
/* End PBXCopyFilesBuildPhase section */

/* Begin PBXFileReference section */
		58752F24288A761700AFE5CB /* DynamicArray.swift */ = {isa = PBXFileReference; lastKnownFileType = sourcecode.swift; path = DynamicArray.swift; sourceTree = "<group>"; };
		58C7021A28884D02007DFAE9 /* Algorithm */ = {isa = PBXFileReference; explicitFileType = "compiled.mach-o.executable"; includeInIndex = 0; path = Algorithm; sourceTree = BUILT_PRODUCTS_DIR; };
		58C7021D28884D02007DFAE9 /* main.swift */ = {isa = PBXFileReference; lastKnownFileType = sourcecode.swift; path = main.swift; sourceTree = "<group>"; };
		58C70228288A4865007DFAE9 /* UnitTest.xctest */ = {isa = PBXFileReference; explicitFileType = wrapper.cfbundle; includeInIndex = 0; path = UnitTest.xctest; sourceTree = BUILT_PRODUCTS_DIR; };
		58C7022F288A48C7007DFAE9 /* FibSeq.swift */ = {isa = PBXFileReference; lastKnownFileType = sourcecode.swift; path = FibSeq.swift; sourceTree = "<group>"; };
		58C70232288A4B6B007DFAE9 /* FibSeqTest.swift */ = {isa = PBXFileReference; lastKnownFileType = sourcecode.swift; path = FibSeqTest.swift; sourceTree = "<group>"; };
		58C92E2B2896D280008ECA4D /* 二分查找.swift */ = {isa = PBXFileReference; lastKnownFileType = sourcecode.swift; path = "二分查找.swift"; sourceTree = "<group>"; };
		58C92E2D289780BC008ECA4D /* 第一个错误版本.swift */ = {isa = PBXFileReference; lastKnownFileType = sourcecode.swift; path = "第一个错误版本.swift"; sourceTree = "<group>"; };
		58C92E2F2897A191008ECA4D /* 搜索插入的位置.swift */ = {isa = PBXFileReference; lastKnownFileType = sourcecode.swift; path = "搜索插入的位置.swift"; sourceTree = "<group>"; };
/* End PBXFileReference section */

/* Begin PBXFrameworksBuildPhase section */
		58C7021728884D02007DFAE9 /* Frameworks */ = {
			isa = PBXFrameworksBuildPhase;
			buildActionMask = 2147483647;
			files = (
			);
			runOnlyForDeploymentPostprocessing = 0;
		};
		58C70225288A4865007DFAE9 /* Frameworks */ = {
			isa = PBXFrameworksBuildPhase;
			buildActionMask = 2147483647;
			files = (
			);
			runOnlyForDeploymentPostprocessing = 0;
		};
/* End PBXFrameworksBuildPhase section */

/* Begin PBXGroup section */
		58C7021128884D01007DFAE9 = {
			isa = PBXGroup;
			children = (
				58C7021C28884D02007DFAE9 /* Algorithm */,
				58C70229288A4865007DFAE9 /* UnitTest */,
				58C7021B28884D02007DFAE9 /* Products */,
			);
			sourceTree = "<group>";
		};
		58C7021B28884D02007DFAE9 /* Products */ = {
			isa = PBXGroup;
			children = (
				58C7021A28884D02007DFAE9 /* Algorithm */,
				58C70228288A4865007DFAE9 /* UnitTest.xctest */,
			);
			name = Products;
			sourceTree = "<group>";
		};
		58C7021C28884D02007DFAE9 /* Algorithm */ = {
			isa = PBXGroup;
			children = (
				58C7021D28884D02007DFAE9 /* main.swift */,
				58C7022F288A48C7007DFAE9 /* FibSeq.swift */,
				58752F24288A761700AFE5CB /* DynamicArray.swift */,
				58C92E2B2896D280008ECA4D /* 二分查找.swift */,
				58C92E2D289780BC008ECA4D /* 第一个错误版本.swift */,
				58C92E2F2897A191008ECA4D /* 搜索插入的位置.swift */,
			);
			path = Algorithm;
			sourceTree = "<group>";
		};
		58C70229288A4865007DFAE9 /* UnitTest */ = {
			isa = PBXGroup;
			children = (
				58C70232288A4B6B007DFAE9 /* FibSeqTest.swift */,
			);
			path = UnitTest;
			sourceTree = "<group>";
		};
/* End PBXGroup section */

/* Begin PBXNativeTarget section */
		58C7021928884D02007DFAE9 /* Algorithm */ = {
			isa = PBXNativeTarget;
			buildConfigurationList = 58C7022128884D02007DFAE9 /* Build configuration list for PBXNativeTarget "Algorithm" */;
			buildPhases = (
				58C7021628884D02007DFAE9 /* Sources */,
				58C7021728884D02007DFAE9 /* Frameworks */,
				58C7021828884D02007DFAE9 /* CopyFiles */,
			);
			buildRules = (
			);
			dependencies = (
			);
			name = Algorithm;
			productName = Algorithm;
			productReference = 58C7021A28884D02007DFAE9 /* Algorithm */;
			productType = "com.apple.product-type.tool";
		};
		58C70227288A4865007DFAE9 /* UnitTest */ = {
			isa = PBXNativeTarget;
			buildConfigurationList = 58C7022E288A4865007DFAE9 /* Build configuration list for PBXNativeTarget "UnitTest" */;
			buildPhases = (
				58C70224288A4865007DFAE9 /* Sources */,
				58C70225288A4865007DFAE9 /* Frameworks */,
				58C70226288A4865007DFAE9 /* Resources */,
			);
			buildRules = (
			);
			dependencies = (
			);
			name = UnitTest;
			productName = UnitTest;
			productReference = 58C70228288A4865007DFAE9 /* UnitTest.xctest */;
			productType = "com.apple.product-type.bundle.unit-test";
		};
/* End PBXNativeTarget section */

/* Begin PBXProject section */
		58C7021228884D01007DFAE9 /* Project object */ = {
			isa = PBXProject;
			attributes = {
				BuildIndependentTargetsInParallel = 1;
				LastSwiftUpdateCheck = 1340;
				LastUpgradeCheck = 1340;
				TargetAttributes = {
					58C7021928884D02007DFAE9 = {
						CreatedOnToolsVersion = 13.4.1;
					};
					58C70227288A4865007DFAE9 = {
						CreatedOnToolsVersion = 13.4.1;
					};
				};
			};
			buildConfigurationList = 58C7021528884D01007DFAE9 /* Build configuration list for PBXProject "Algorithm" */;
			compatibilityVersion = "Xcode 13.0";
			developmentRegion = en;
			hasScannedForEncodings = 0;
			knownRegions = (
				en,
				Base,
			);
			mainGroup = 58C7021128884D01007DFAE9;
			productRefGroup = 58C7021B28884D02007DFAE9 /* Products */;
			projectDirPath = "";
			projectRoot = "";
			targets = (
				58C7021928884D02007DFAE9 /* Algorithm */,
				58C70227288A4865007DFAE9 /* UnitTest */,
			);
		};
/* End PBXProject section */

/* Begin PBXResourcesBuildPhase section */
		58C70226288A4865007DFAE9 /* Resources */ = {
			isa = PBXResourcesBuildPhase;
			buildActionMask = 2147483647;
			files = (
			);
			runOnlyForDeploymentPostprocessing = 0;
		};
/* End PBXResourcesBuildPhase section */

/* Begin PBXSourcesBuildPhase section */
		58C7021628884D02007DFAE9 /* Sources */ = {
			isa = PBXSourcesBuildPhase;
			buildActionMask = 2147483647;
			files = (
				58C92E302897A191008ECA4D /* 搜索插入的位置.swift in Sources */,
				58752F25288A761700AFE5CB /* DynamicArray.swift in Sources */,
				58C7021E28884D02007DFAE9 /* main.swift in Sources */,
				58C92E2E289780BC008ECA4D /* 第一个错误版本.swift in Sources */,
				58C92E2C2896D280008ECA4D /* 二分查找.swift in Sources */,
				58C70230288A48C8007DFAE9 /* FibSeq.swift in Sources */,
			);
			runOnlyForDeploymentPostprocessing = 0;
		};
		58C70224288A4865007DFAE9 /* Sources */ = {
			isa = PBXSourcesBuildPhase;
			buildActionMask = 2147483647;
			files = (
				58C70233288A4B6B007DFAE9 /* FibSeqTest.swift in Sources */,
				58C70231288A48C8007DFAE9 /* FibSeq.swift in Sources */,
			);
			runOnlyForDeploymentPostprocessing = 0;
		};
/* End PBXSourcesBuildPhase section */

/* Begin XCBuildConfiguration section */
		58C7021F28884D02007DFAE9 /* Debug */ = {
			isa = XCBuildConfiguration;
			buildSettings = {
				ALWAYS_SEARCH_USER_PATHS = NO;
				CLANG_ANALYZER_NONNULL = YES;
				CLANG_ANALYZER_NUMBER_OBJECT_CONVERSION = YES_AGGRESSIVE;
				CLANG_CXX_LANGUAGE_STANDARD = "gnu++17";
				CLANG_ENABLE_MODULES = YES;
				CLANG_ENABLE_OBJC_ARC = YES;
				CLANG_ENABLE_OBJC_WEAK = YES;
				CLANG_WARN_BLOCK_CAPTURE_AUTORELEASING = YES;
				CLANG_WARN_BOOL_CONVERSION = YES;
				CLANG_WARN_COMMA = YES;
				CLANG_WARN_CONSTANT_CONVERSION = YES;
				CLANG_WARN_DEPRECATED_OBJC_IMPLEMENTATIONS = YES;
				CLANG_WARN_DIRECT_OBJC_ISA_USAGE = YES_ERROR;
				CLANG_WARN_DOCUMENTATION_COMMENTS = YES;
				CLANG_WARN_EMPTY_BODY = YES;
				CLANG_WARN_ENUM_CONVERSION = YES;
				CLANG_WARN_INFINITE_RECURSION = YES;
				CLANG_WARN_INT_CONVERSION = YES;
				CLANG_WARN_NON_LITERAL_NULL_CONVERSION = YES;
				CLANG_WARN_OBJC_IMPLICIT_RETAIN_SELF = YES;
				CLANG_WARN_OBJC_LITERAL_CONVERSION = YES;
				CLANG_WARN_OBJC_ROOT_CLASS = YES_ERROR;
				CLANG_WARN_QUOTED_INCLUDE_IN_FRAMEWORK_HEADER = YES;
				CLANG_WARN_RANGE_LOOP_ANALYSIS = YES;
				CLANG_WARN_STRICT_PROTOTYPES = YES;
				CLANG_WARN_SUSPICIOUS_MOVE = YES;
				CLANG_WARN_UNGUARDED_AVAILABILITY = YES_AGGRESSIVE;
				CLANG_WARN_UNREACHABLE_CODE = YES;
				CLANG_WARN__DUPLICATE_METHOD_MATCH = YES;
				COPY_PHASE_STRIP = NO;
				DEBUG_INFORMATION_FORMAT = dwarf;
				ENABLE_STRICT_OBJC_MSGSEND = YES;
				ENABLE_TESTABILITY = YES;
				GCC_C_LANGUAGE_STANDARD = gnu11;
				GCC_DYNAMIC_NO_PIC = NO;
				GCC_NO_COMMON_BLOCKS = YES;
				GCC_OPTIMIZATION_LEVEL = 0;
				GCC_PREPROCESSOR_DEFINITIONS = (
					"DEBUG=1",
					"$(inherited)",
				);
				GCC_WARN_64_TO_32_BIT_CONVERSION = YES;
				GCC_WARN_ABOUT_RETURN_TYPE = YES_ERROR;
				GCC_WARN_UNDECLARED_SELECTOR = YES;
				GCC_WARN_UNINITIALIZED_AUTOS = YES_AGGRESSIVE;
				GCC_WARN_UNUSED_FUNCTION = YES;
				GCC_WARN_UNUSED_VARIABLE = YES;
				MACOSX_DEPLOYMENT_TARGET = 12.3;
				MTL_ENABLE_DEBUG_INFO = INCLUDE_SOURCE;
				MTL_FAST_MATH = YES;
				ONLY_ACTIVE_ARCH = YES;
				SDKROOT = macosx;
				SWIFT_ACTIVE_COMPILATION_CONDITIONS = DEBUG;
				SWIFT_OPTIMIZATION_LEVEL = "-Onone";
			};
			name = Debug;
		};
		58C7022028884D02007DFAE9 /* Release */ = {
			isa = XCBuildConfiguration;
			buildSettings = {
				ALWAYS_SEARCH_USER_PATHS = NO;
				CLANG_ANALYZER_NONNULL = YES;
				CLANG_ANALYZER_NUMBER_OBJECT_CONVERSION = YES_AGGRESSIVE;
				CLANG_CXX_LANGUAGE_STANDARD = "gnu++17";
				CLANG_ENABLE_MODULES = YES;
				CLANG_ENABLE_OBJC_ARC = YES;
				CLANG_ENABLE_OBJC_WEAK = YES;
				CLANG_WARN_BLOCK_CAPTURE_AUTORELEASING = YES;
				CLANG_WARN_BOOL_CONVERSION = YES;
				CLANG_WARN_COMMA = YES;
				CLANG_WARN_CONSTANT_CONVERSION = YES;
				CLANG_WARN_DEPRECATED_OBJC_IMPLEMENTATIONS = YES;
				CLANG_WARN_DIRECT_OBJC_ISA_USAGE = YES_ERROR;
				CLANG_WARN_DOCUMENTATION_COMMENTS = YES;
				CLANG_WARN_EMPTY_BODY = YES;
				CLANG_WARN_ENUM_CONVERSION = YES;
				CLANG_WARN_INFINITE_RECURSION = YES;
				CLANG_WARN_INT_CONVERSION = YES;
				CLANG_WARN_NON_LITERAL_NULL_CONVERSION = YES;
				CLANG_WARN_OBJC_IMPLICIT_RETAIN_SELF = YES;
				CLANG_WARN_OBJC_LITERAL_CONVERSION = YES;
				CLANG_WARN_OBJC_ROOT_CLASS = YES_ERROR;
				CLANG_WARN_QUOTED_INCLUDE_IN_FRAMEWORK_HEADER = YES;
				CLANG_WARN_RANGE_LOOP_ANALYSIS = YES;
				CLANG_WARN_STRICT_PROTOTYPES = YES;
				CLANG_WARN_SUSPICIOUS_MOVE = YES;
				CLANG_WARN_UNGUARDED_AVAILABILITY = YES_AGGRESSIVE;
				CLANG_WARN_UNREACHABLE_CODE = YES;
				CLANG_WARN__DUPLICATE_METHOD_MATCH = YES;
				COPY_PHASE_STRIP = NO;
				DEBUG_INFORMATION_FORMAT = "dwarf-with-dsym";
				ENABLE_NS_ASSERTIONS = NO;
				ENABLE_STRICT_OBJC_MSGSEND = YES;
				GCC_C_LANGUAGE_STANDARD = gnu11;
				GCC_NO_COMMON_BLOCKS = YES;
				GCC_WARN_64_TO_32_BIT_CONVERSION = YES;
				GCC_WARN_ABOUT_RETURN_TYPE = YES_ERROR;
				GCC_WARN_UNDECLARED_SELECTOR = YES;
				GCC_WARN_UNINITIALIZED_AUTOS = YES_AGGRESSIVE;
				GCC_WARN_UNUSED_FUNCTION = YES;
				GCC_WARN_UNUSED_VARIABLE = YES;
				MACOSX_DEPLOYMENT_TARGET = 12.3;
				MTL_ENABLE_DEBUG_INFO = NO;
				MTL_FAST_MATH = YES;
				SDKROOT = macosx;
				SWIFT_COMPILATION_MODE = wholemodule;
				SWIFT_OPTIMIZATION_LEVEL = "-O";
			};
			name = Release;
		};
		58C7022228884D02007DFAE9 /* Debug */ = {
			isa = XCBuildConfiguration;
			buildSettings = {
				CODE_SIGN_STYLE = Automatic;
				DEVELOPMENT_TEAM = LGX8B93762;
				ENABLE_HARDENED_RUNTIME = YES;
				PRODUCT_NAME = "$(TARGET_NAME)";
				SWIFT_VERSION = 5.0;
			};
			name = Debug;
		};
		58C7022328884D02007DFAE9 /* Release */ = {
			isa = XCBuildConfiguration;
			buildSettings = {
				CODE_SIGN_STYLE = Automatic;
				DEVELOPMENT_TEAM = LGX8B93762;
				ENABLE_HARDENED_RUNTIME = YES;
				PRODUCT_NAME = "$(TARGET_NAME)";
				SWIFT_VERSION = 5.0;
			};
			name = Release;
		};
		58C7022C288A4865007DFAE9 /* Debug */ = {
			isa = XCBuildConfiguration;
			buildSettings = {
				CODE_SIGN_STYLE = Automatic;
				CURRENT_PROJECT_VERSION = 1;
				DEVELOPMENT_TEAM = LGX8B93762;
				GENERATE_INFOPLIST_FILE = YES;
				MARKETING_VERSION = 1.0;
				PRODUCT_BUNDLE_IDENTIFIER = com.zk.UnitTest;
				PRODUCT_NAME = "$(TARGET_NAME)";
				SWIFT_EMIT_LOC_STRINGS = NO;
				SWIFT_VERSION = 5.0;
			};
			name = Debug;
		};
		58C7022D288A4865007DFAE9 /* Release */ = {
			isa = XCBuildConfiguration;
			buildSettings = {
				CODE_SIGN_STYLE = Automatic;
				CURRENT_PROJECT_VERSION = 1;
				DEVELOPMENT_TEAM = LGX8B93762;
				GENERATE_INFOPLIST_FILE = YES;
				MARKETING_VERSION = 1.0;
				PRODUCT_BUNDLE_IDENTIFIER = com.zk.UnitTest;
				PRODUCT_NAME = "$(TARGET_NAME)";
				SWIFT_EMIT_LOC_STRINGS = NO;
				SWIFT_VERSION = 5.0;
			};
			name = Release;
		};
/* End XCBuildConfiguration section */

/* Begin XCConfigurationList section */
		58C7021528884D01007DFAE9 /* Build configuration list for PBXProject "Algorithm" */ = {
			isa = XCConfigurationList;
			buildConfigurations = (
				58C7021F28884D02007DFAE9 /* Debug */,
				58C7022028884D02007DFAE9 /* Release */,
			);
			defaultConfigurationIsVisible = 0;
			defaultConfigurationName = Release;
		};
		58C7022128884D02007DFAE9 /* Build configuration list for PBXNativeTarget "Algorithm" */ = {
			isa = XCConfigurationList;
			buildConfigurations = (
				58C7022228884D02007DFAE9 /* Debug */,
				58C7022328884D02007DFAE9 /* Release */,
			);
			defaultConfigurationIsVisible = 0;
			defaultConfigurationName = Release;
		};
		58C7022E288A4865007DFAE9 /* Build configuration list for PBXNativeTarget "UnitTest" */ = {
			isa = XCConfigurationList;
			buildConfigurations = (
				58C7022C288A4865007DFAE9 /* Debug */,
				58C7022D288A4865007DFAE9 /* Release */,
			);
			defaultConfigurationIsVisible = 0;
			defaultConfigurationName = Release;
		};
/* End XCConfigurationList section */
	};
	rootObject = 58C7021228884D01007DFAE9 /* Project object */;
}
